// !$*UTF8*$!
{
	archiveVersion = 1;
	classes = {
	};
	objectVersion = 48;
	objects = {

/* Begin PBXBuildFile section */
		F6730A3420BFBC3F00265F48 /* AppDelegate.m in Sources */ = {isa = PBXBuildFile; fileRef = F6730A3320BFBC3F00265F48 /* AppDelegate.m */; };
		F6730A3A20BFBC3F00265F48 /* Main.storyboard in Resources */ = {isa = PBXBuildFile; fileRef = F6730A3820BFBC3F00265F48 /* Main.storyboard */; };
		F6730A3C20BFBC3F00265F48 /* Assets.xcassets in Resources */ = {isa = PBXBuildFile; fileRef = F6730A3B20BFBC3F00265F48 /* Assets.xcassets */; };
		F6730A3F20BFBC3F00265F48 /* LaunchScreen.storyboard in Resources */ = {isa = PBXBuildFile; fileRef = F6730A3D20BFBC3F00265F48 /* LaunchScreen.storyboard */; };
		F6730A4220BFBC3F00265F48 /* main.m in Sources */ = {isa = PBXBuildFile; fileRef = F6730A4120BFBC3F00265F48 /* main.m */; };
		F6730A4C20BFBC3F00265F48 /* QCMVPTests.m in Sources */ = {isa = PBXBuildFile; fileRef = F6730A4B20BFBC3F00265F48 /* QCMVPTests.m */; };
		F6730A5720BFBC3F00265F48 /* QCMVPUITests.m in Sources */ = {isa = PBXBuildFile; fileRef = F6730A5620BFBC3F00265F48 /* QCMVPUITests.m */; };
		F6730A7020BFBD3200265F48 /* ViewController.m in Sources */ = {isa = PBXBuildFile; fileRef = F6730A6F20BFBD3200265F48 /* ViewController.m */; };
		F6730A7620BFBE9A00265F48 /* QCDataSource.m in Sources */ = {isa = PBXBuildFile; fileRef = F6730A7520BFBE9A00265F48 /* QCDataSource.m */; };
		F6730A7920BFBF8D00265F48 /* QCPresenter.m in Sources */ = {isa = PBXBuildFile; fileRef = F6730A7820BFBF8D00265F48 /* QCPresenter.m */; };
/* End PBXBuildFile section */

/* Begin PBXContainerItemProxy section */
		F6730A4820BFBC3F00265F48 /* PBXContainerItemProxy */ = {
			isa = PBXContainerItemProxy;
			containerPortal = F6730A2720BFBC3E00265F48 /* Project object */;
			proxyType = 1;
			remoteGlobalIDString = F6730A2E20BFBC3E00265F48;
			remoteInfo = QCMVP;
		};
		F6730A5320BFBC3F00265F48 /* PBXContainerItemProxy */ = {
			isa = PBXContainerItemProxy;
			containerPortal = F6730A2720BFBC3E00265F48 /* Project object */;
			proxyType = 1;
			remoteGlobalIDString = F6730A2E20BFBC3E00265F48;
			remoteInfo = QCMVP;
		};
/* End PBXContainerItemProxy section */

/* Begin PBXFileReference section */
		F6730A2F20BFBC3F00265F48 /* QCMVP.app */ = {isa = PBXFileReference; explicitFileType = wrapper.application; includeInIndex = 0; path = QCMVP.app; sourceTree = BUILT_PRODUCTS_DIR; };
		F6730A3220BFBC3F00265F48 /* AppDelegate.h */ = {isa = PBXFileReference; lastKnownFileType = sourcecode.c.h; path = AppDelegate.h; sourceTree = "<group>"; };
		F6730A3320BFBC3F00265F48 /* AppDelegate.m */ = {isa = PBXFileReference; lastKnownFileType = sourcecode.c.objc; path = AppDelegate.m; sourceTree = "<group>"; };
		F6730A3920BFBC3F00265F48 /* Base */ = {isa = PBXFileReference; lastKnownFileType = file.storyboard; name = Base; path = Base.lproj/Main.storyboard; sourceTree = "<group>"; };
		F6730A3B20BFBC3F00265F48 /* Assets.xcassets */ = {isa = PBXFileReference; lastKnownFileType = folder.assetcatalog; path = Assets.xcassets; sourceTree = "<group>"; };
		F6730A3E20BFBC3F00265F48 /* Base */ = {isa = PBXFileReference; lastKnownFileType = file.storyboard; name = Base; path = Base.lproj/LaunchScreen.storyboard; sourceTree = "<group>"; };
		F6730A4020BFBC3F00265F48 /* Info.plist */ = {isa = PBXFileReference; lastKnownFileType = text.plist.xml; path = Info.plist; sourceTree = "<group>"; };
		F6730A4120BFBC3F00265F48 /* main.m */ = {isa = PBXFileReference; lastKnownFileType = sourcecode.c.objc; path = main.m; sourceTree = "<group>"; };
		F6730A4720BFBC3F00265F48 /* QCMVPTests.xctest */ = {isa = PBXFileReference; explicitFileType = wrapper.cfbundle; includeInIndex = 0; path = QCMVPTests.xctest; sourceTree = BUILT_PRODUCTS_DIR; };
		F6730A4B20BFBC3F00265F48 /* QCMVPTests.m */ = {isa = PBXFileReference; lastKnownFileType = sourcecode.c.objc; path = QCMVPTests.m; sourceTree = "<group>"; };
		F6730A4D20BFBC3F00265F48 /* Info.plist */ = {isa = PBXFileReference; lastKnownFileType = text.plist.xml; path = Info.plist; sourceTree = "<group>"; };
		F6730A5220BFBC3F00265F48 /* QCMVPUITests.xctest */ = {isa = PBXFileReference; explicitFileType = wrapper.cfbundle; includeInIndex = 0; path = QCMVPUITests.xctest; sourceTree = BUILT_PRODUCTS_DIR; };
		F6730A5620BFBC3F00265F48 /* QCMVPUITests.m */ = {isa = PBXFileReference; lastKnownFileType = sourcecode.c.objc; path = QCMVPUITests.m; sourceTree = "<group>"; };
		F6730A5820BFBC3F00265F48 /* Info.plist */ = {isa = PBXFileReference; lastKnownFileType = text.plist.xml; path = Info.plist; sourceTree = "<group>"; };
		F6730A6E20BFBD3200265F48 /* ViewController.h */ = {isa = PBXFileReference; fileEncoding = 4; lastKnownFileType = sourcecode.c.h; path = ViewController.h; sourceTree = "<group>"; };
		F6730A6F20BFBD3200265F48 /* ViewController.m */ = {isa = PBXFileReference; fileEncoding = 4; lastKnownFileType = sourcecode.c.objc; path = ViewController.m; sourceTree = "<group>"; };
		F6730A7420BFBE9A00265F48 /* QCDataSource.h */ = {isa = PBXFileReference; lastKnownFileType = sourcecode.c.h; path = QCDataSource.h; sourceTree = "<group>"; };
		F6730A7520BFBE9A00265F48 /* QCDataSource.m */ = {isa = PBXFileReference; lastKnownFileType = sourcecode.c.objc; path = QCDataSource.m; sourceTree = "<group>"; };
		F6730A7720BFBF8D00265F48 /* QCPresenter.h */ = {isa = PBXFileReference; lastKnownFileType = sourcecode.c.h; path = QCPresenter.h; sourceTree = "<group>"; };
		F6730A7820BFBF8D00265F48 /* QCPresenter.m */ = {isa = PBXFileReference; lastKnownFileType = sourcecode.c.objc; path = QCPresenter.m; sourceTree = "<group>"; };
		F6730A7B20BFC30200265F48 /* QCViewProtocal.h */ = {isa = PBXFileReference; lastKnownFileType = sourcecode.c.h; path = QCViewProtocal.h; sourceTree = "<group>"; };
/* End PBXFileReference section */

/* Begin PBXFrameworksBuildPhase section */
		F6730A2C20BFBC3E00265F48 /* Frameworks */ = {
			isa = PBXFrameworksBuildPhase;
			buildActionMask = 2147483647;
			files = (
			);
			runOnlyForDeploymentPostprocessing = 0;
		};
		F6730A4420BFBC3F00265F48 /* Frameworks */ = {
			isa = PBXFrameworksBuildPhase;
			buildActionMask = 2147483647;
			files = (
			);
			runOnlyForDeploymentPostprocessing = 0;
		};
		F6730A4F20BFBC3F00265F48 /* Frameworks */ = {
			isa = PBXFrameworksBuildPhase;
			buildActionMask = 2147483647;
			files = (
			);
			runOnlyForDeploymentPostprocessing = 0;
		};
/* End PBXFrameworksBuildPhase section */

/* Begin PBXGroup section */
		F6730A2620BFBC3E00265F48 = {
			isa = PBXGroup;
			children = (
				F6730A3120BFBC3F00265F48 /* QCMVP */,
				F6730A4A20BFBC3F00265F48 /* QCMVPTests */,
				F6730A5520BFBC3F00265F48 /* QCMVPUITests */,
				F6730A3020BFBC3F00265F48 /* Products */,
			);
			sourceTree = "<group>";
		};
		F6730A3020BFBC3F00265F48 /* Products */ = {
			isa = PBXGroup;
			children = (
				F6730A2F20BFBC3F00265F48 /* QCMVP.app */,
				F6730A4720BFBC3F00265F48 /* QCMVPTests.xctest */,
				F6730A5220BFBC3F00265F48 /* QCMVPUITests.xctest */,
			);
			name = Products;
			sourceTree = "<group>";
		};
		F6730A3120BFBC3F00265F48 /* QCMVP */ = {
			isa = PBXGroup;
			children = (
				F6730A6B20BFBCDC00265F48 /* Model */,
				F6730A6D20BFBD3200265F48 /* View */,
				F6730A6720BFBCDC00265F48 /* Presenter */,
				F6730A3220BFBC3F00265F48 /* AppDelegate.h */,
				F6730A3320BFBC3F00265F48 /* AppDelegate.m */,
				F6730A3820BFBC3F00265F48 /* Main.storyboard */,
				F6730A3B20BFBC3F00265F48 /* Assets.xcassets */,
				F6730A3D20BFBC3F00265F48 /* LaunchScreen.storyboard */,
				F6730A4020BFBC3F00265F48 /* Info.plist */,
				F6730A4120BFBC3F00265F48 /* main.m */,
			);
			path = QCMVP;
			sourceTree = "<group>";
		};
		F6730A4A20BFBC3F00265F48 /* QCMVPTests */ = {
			isa = PBXGroup;
			children = (
				F6730A4B20BFBC3F00265F48 /* QCMVPTests.m */,
				F6730A4D20BFBC3F00265F48 /* Info.plist */,
			);
			path = QCMVPTests;
			sourceTree = "<group>";
		};
		F6730A5520BFBC3F00265F48 /* QCMVPUITests */ = {
			isa = PBXGroup;
			children = (
				F6730A5620BFBC3F00265F48 /* QCMVPUITests.m */,
				F6730A5820BFBC3F00265F48 /* Info.plist */,
			);
			path = QCMVPUITests;
			sourceTree = "<group>";
		};
		F6730A6720BFBCDC00265F48 /* Presenter */ = {
			isa = PBXGroup;
			children = (
				F6730A7720BFBF8D00265F48 /* QCPresenter.h */,
				F6730A7820BFBF8D00265F48 /* QCPresenter.m */,
			);
			path = Presenter;
			sourceTree = "<group>";
		};
		F6730A6B20BFBCDC00265F48 /* Model */ = {
			isa = PBXGroup;
			children = (
				F6730A7420BFBE9A00265F48 /* QCDataSource.h */,
				F6730A7520BFBE9A00265F48 /* QCDataSource.m */,
			);
			path = Model;
			sourceTree = "<group>";
		};
		F6730A6D20BFBD3200265F48 /* View */ = {
			isa = PBXGroup;
			children = (
				F6730A6E20BFBD3200265F48 /* ViewController.h */,
				F6730A6F20BFBD3200265F48 /* ViewController.m */,
				F6730A7B20BFC30200265F48 /* QCViewProtocal.h */,
			);
			path = View;
			sourceTree = "<group>";
		};
/* End PBXGroup section */

/* Begin PBXNativeTarget section */
		F6730A2E20BFBC3E00265F48 /* QCMVP */ = {
			isa = PBXNativeTarget;
			buildConfigurationList = F6730A5B20BFBC3F00265F48 /* Build configuration list for PBXNativeTarget "QCMVP" */;
			buildPhases = (
				F6730A2B20BFBC3E00265F48 /* Sources */,
				F6730A2C20BFBC3E00265F48 /* Frameworks */,
				F6730A2D20BFBC3E00265F48 /* Resources */,
			);
			buildRules = (
			);
			dependencies = (
			);
			name = QCMVP;
			productName = QCMVP;
			productReference = F6730A2F20BFBC3F00265F48 /* QCMVP.app */;
			productType = "com.apple.product-type.application";
		};
		F6730A4620BFBC3F00265F48 /* QCMVPTests */ = {
			isa = PBXNativeTarget;
			buildConfigurationList = F6730A5E20BFBC3F00265F48 /* Build configuration list for PBXNativeTarget "QCMVPTests" */;
			buildPhases = (
				F6730A4320BFBC3F00265F48 /* Sources */,
				F6730A4420BFBC3F00265F48 /* Frameworks */,
				F6730A4520BFBC3F00265F48 /* Resources */,
			);
			buildRules = (
			);
			dependencies = (
				F6730A4920BFBC3F00265F48 /* PBXTargetDependency */,
			);
			name = QCMVPTests;
			productName = QCMVPTests;
			productReference = F6730A4720BFBC3F00265F48 /* QCMVPTests.xctest */;
			productType = "com.apple.product-type.bundle.unit-test";
		};
		F6730A5120BFBC3F00265F48 /* QCMVPUITests */ = {
			isa = PBXNativeTarget;
			buildConfigurationList = F6730A6120BFBC3F00265F48 /* Build configuration list for PBXNativeTarget "QCMVPUITests" */;
			buildPhases = (
				F6730A4E20BFBC3F00265F48 /* Sources */,
				F6730A4F20BFBC3F00265F48 /* Frameworks */,
				F6730A5020BFBC3F00265F48 /* Resources */,
			);
			buildRules = (
			);
			dependencies = (
				F6730A5420BFBC3F00265F48 /* PBXTargetDependency */,
			);
			name = QCMVPUITests;
			productName = QCMVPUITests;
			productReference = F6730A5220BFBC3F00265F48 /* QCMVPUITests.xctest */;
			productType = "com.apple.product-type.bundle.ui-testing";
		};
/* End PBXNativeTarget section */

/* Begin PBXProject section */
		F6730A2720BFBC3E00265F48 /* Project object */ = {
			isa = PBXProject;
			attributes = {
				LastUpgradeCheck = 0910;
				ORGANIZATIONNAME = BYX;
				TargetAttributes = {
					F6730A2E20BFBC3E00265F48 = {
						CreatedOnToolsVersion = 9.1;
						ProvisioningStyle = Automatic;
					};
					F6730A4620BFBC3F00265F48 = {
						CreatedOnToolsVersion = 9.1;
						ProvisioningStyle = Automatic;
						TestTargetID = F6730A2E20BFBC3E00265F48;
					};
					F6730A5120BFBC3F00265F48 = {
						CreatedOnToolsVersion = 9.1;
						ProvisioningStyle = Automatic;
						TestTargetID = F6730A2E20BFBC3E00265F48;
					};
				};
			};
			buildConfigurationList = F6730A2A20BFBC3E00265F48 /* Build configuration list for PBXProject "QCMVP" */;
			compatibilityVersion = "Xcode 8.0";
			developmentRegion = en;
			hasScannedForEncodings = 0;
			knownRegions = (
				en,
				Base,
			);
			mainGroup = F6730A2620BFBC3E00265F48;
			productRefGroup = F6730A3020BFBC3F00265F48 /* Products */;
			projectDirPath = "";
			projectRoot = "";
			targets = (
				F6730A2E20BFBC3E00265F48 /* QCMVP */,
				F6730A4620BFBC3F00265F48 /* QCMVPTests */,
				F6730A5120BFBC3F00265F48 /* QCMVPUITests */,
			);
		};
/* End PBXProject section */

/* Begin PBXResourcesBuildPhase section */
		F6730A2D20BFBC3E00265F48 /* Resources */ = {
			isa = PBXResourcesBuildPhase;
			buildActionMask = 2147483647;
			files = (
				F6730A3F20BFBC3F00265F48 /* LaunchScreen.storyboard in Resources */,
				F6730A3C20BFBC3F00265F48 /* Assets.xcassets in Resources */,
				F6730A3A20BFBC3F00265F48 /* Main.storyboard in Resources */,
			);
			runOnlyForDeploymentPostprocessing = 0;
		};
		F6730A4520BFBC3F00265F48 /* Resources */ = {
			isa = PBXResourcesBuildPhase;
			buildActionMask = 2147483647;
			files = (
			);
			runOnlyForDeploymentPostprocessing = 0;
		};
		F6730A5020BFBC3F00265F48 /* Resources */ = {
			isa = PBXResourcesBuildPhase;
			buildActionMask = 2147483647;
			files = (
			);
			runOnlyForDeploymentPostprocessing = 0;
		};
/* End PBXResourcesBuildPhase section */

/* Begin PBXSourcesBuildPhase section */
		F6730A2B20BFBC3E00265F48 /* Sources */ = {
			isa = PBXSourcesBuildPhase;
			buildActionMask = 2147483647;
			files = (
				F6730A7920BFBF8D00265F48 /* QCPresenter.m in Sources */,
				F6730A7620BFBE9A00265F48 /* QCDataSource.m in Sources */,
				F6730A7020BFBD3200265F48 /* ViewController.m in Sources */,
				F6730A4220BFBC3F00265F48 /* main.m in Sources */,
				F6730A3420BFBC3F00265F48 /* AppDelegate.m in Sources */,
			);
			runOnlyForDeploymentPostprocessing = 0;
		};
		F6730A4320BFBC3F00265F48 /* Sources */ = {
			isa = PBXSourcesBuildPhase;
			buildActionMask = 2147483647;
			files = (
				F6730A4C20BFBC3F00265F48 /* QCMVPTests.m in Sources */,
			);
			runOnlyForDeploymentPostprocessing = 0;
		};
		F6730A4E20BFBC3F00265F48 /* Sources */ = {
			isa = PBXSourcesBuildPhase;
			buildActionMask = 2147483647;
			files = (
				F6730A5720BFBC3F00265F48 /* QCMVPUITests.m in Sources */,
			);
			runOnlyForDeploymentPostprocessing = 0;
		};
/* End PBXSourcesBuildPhase section */

/* Begin PBXTargetDependency section */
		F6730A4920BFBC3F00265F48 /* PBXTargetDependency */ = {
			isa = PBXTargetDependency;
			target = F6730A2E20BFBC3E00265F48 /* QCMVP */;
			targetProxy = F6730A4820BFBC3F00265F48 /* PBXContainerItemProxy */;
		};
		F6730A5420BFBC3F00265F48 /* PBXTargetDependency */ = {
			isa = PBXTargetDependency;
			target = F6730A2E20BFBC3E00265F48 /* QCMVP */;
			targetProxy = F6730A5320BFBC3F00265F48 /* PBXContainerItemProxy */;
		};
/* End PBXTargetDependency section */

/* Begin PBXVariantGroup section */
		F6730A3820BFBC3F00265F48 /* Main.storyboard */ = {
			isa = PBXVariantGroup;
			children = (
				F6730A3920BFBC3F00265F48 /* Base */,
			);
			name = Main.storyboard;
			sourceTree = "<group>";
		};
		F6730A3D20BFBC3F00265F48 /* LaunchScreen.storyboard */ = {
			isa = PBXVariantGroup;
			children = (
				F6730A3E20BFBC3F00265F48 /* Base */,
			);
			name = LaunchScreen.storyboard;
			sourceTree = "<group>";
		};
/* End PBXVariantGroup section */

/* Begin XCBuildConfiguration section */
		F6730A5920BFBC3F00265F48 /* Debug */ = {
			isa = XCBuildConfiguration;
			buildSettings = {
				ALWAYS_SEARCH_USER_PATHS = NO;
				CLANG_ANALYZER_NONNULL = YES;
				CLANG_ANALYZER_NUMBER_OBJECT_CONVERSION = YES_AGGRESSIVE;
				CLANG_CXX_LANGUAGE_STANDARD = "gnu++14";
				CLANG_CXX_LIBRARY = "libc++";
				CLANG_ENABLE_MODULES = YES;
				CLANG_ENABLE_OBJC_ARC = YES;
				CLANG_WARN_BLOCK_CAPTURE_AUTORELEASING = YES;
				CLANG_WARN_BOOL_CONVERSION = YES;
				CLANG_WARN_COMMA = YES;
				CLANG_WARN_CONSTANT_CONVERSION = YES;
				CLANG_WARN_DIRECT_OBJC_ISA_USAGE = YES_ERROR;
				CLANG_WARN_DOCUMENTATION_COMMENTS = YES;
				CLANG_WARN_EMPTY_BODY = YES;
				CLANG_WARN_ENUM_CONVERSION = YES;
				CLANG_WARN_INFINITE_RECURSION = YES;
				CLANG_WARN_INT_CONVERSION = YES;
				CLANG_WARN_NON_LITERAL_NULL_CONVERSION = YES;
				CLANG_WARN_OBJC_LITERAL_CONVERSION = YES;
				CLANG_WARN_OBJC_ROOT_CLASS = YES_ERROR;
				CLANG_WARN_RANGE_LOOP_ANALYSIS = YES;
				CLANG_WARN_STRICT_PROTOTYPES = YES;
				CLANG_WARN_SUSPICIOUS_MOVE = YES;
				CLANG_WARN_UNGUARDED_AVAILABILITY = YES_AGGRESSIVE;
				CLANG_WARN_UNREACHABLE_CODE = YES;
				CLANG_WARN__DUPLICATE_METHOD_MATCH = YES;
				CODE_SIGN_IDENTITY = "iPhone Developer";
				COPY_PHASE_STRIP = NO;
				DEBUG_INFORMATION_FORMAT = dwarf;
				ENABLE_STRICT_OBJC_MSGSEND = YES;
				ENABLE_TESTABILITY = YES;
				GCC_C_LANGUAGE_STANDARD = gnu11;
				GCC_DYNAMIC_NO_PIC = NO;
				GCC_NO_COMMON_BLOCKS = YES;
				GCC_OPTIMIZATION_LEVEL = 0;
				GCC_PREPROCESSOR_DEFINITIONS = (
					"DEBUG=1",
					"$(inherited)",
				);
				GCC_WARN_64_TO_32_BIT_CONVERSION = YES;
				GCC_WARN_ABOUT_RETURN_TYPE = YES_ERROR;
				GCC_WARN_UNDECLARED_SELECTOR = YES;
				GCC_WARN_UNINITIALIZED_AUTOS = YES_AGGRESSIVE;
				GCC_WARN_UNUSED_FUNCTION = YES;
				GCC_WARN_UNUSED_VARIABLE = YES;
				IPHONEOS_DEPLOYMENT_TARGET = 11.1;
				MTL_ENABLE_DEBUG_INFO = YES;
				ONLY_ACTIVE_ARCH = YES;
				SDKROOT = iphoneos;
			};
			name = Debug;
		};
		F6730A5A20BFBC3F00265F48 /* Release */ = {
			isa = XCBuildConfiguration;
			buildSettings = {
				ALWAYS_SEARCH_USER_PATHS = NO;
				CLANG_ANALYZER_NONNULL = YES;
				CLANG_ANALYZER_NUMBER_OBJECT_CONVERSION = YES_AGGRESSIVE;
				CLANG_CXX_LANGUAGE_STANDARD = "gnu++14";
				CLANG_CXX_LIBRARY = "libc++";
				CLANG_ENABLE_MODULES = YES;
				CLANG_ENABLE_OBJC_ARC = YES;
				CLANG_WARN_BLOCK_CAPTURE_AUTORELEASING = YES;
				CLANG_WARN_BOOL_CONVERSION = YES;
				CLANG_WARN_COMMA = YES;
				CLANG_WARN_CONSTANT_CONVERSION = YES;
				CLANG_WARN_DIRECT_OBJC_ISA_USAGE = YES_ERROR;
				CLANG_WARN_DOCUMENTATION_COMMENTS = YES;
				CLANG_WARN_EMPTY_BODY = YES;
				CLANG_WARN_ENUM_CONVERSION = YES;
				CLANG_WARN_INFINITE_RECURSION = YES;
				CLANG_WARN_INT_CONVERSION = YES;
				CLANG_WARN_NON_LITERAL_NULL_CONVERSION = YES;
				CLANG_WARN_OBJC_LITERAL_CONVERSION = YES;
				CLANG_WARN_OBJC_ROOT_CLASS = YES_ERROR;
				CLANG_WARN_RANGE_LOOP_ANALYSIS = YES;
				CLANG_WARN_STRICT_PROTOTYPES = YES;
				CLANG_WARN_SUSPICIOUS_MOVE = YES;
				CLANG_WARN_UNGUARDED_AVAILABILITY = YES_AGGRESSIVE;
				CLANG_WARN_UNREACHABLE_CODE = YES;
				CLANG_WARN__DUPLICATE_METHOD_MATCH = YES;
				CODE_SIGN_IDENTITY = "iPhone Developer";
				COPY_PHASE_STRIP = NO;
				DEBUG_INFORMATION_FORMAT = "dwarf-with-dsym";
				ENABLE_NS_ASSERTIONS = NO;
				ENABLE_STRICT_OBJC_MSGSEND = YES;
				GCC_C_LANGUAGE_STANDARD = gnu11;
				GCC_NO_COMMON_BLOCKS = YES;
				GCC_WARN_64_TO_32_BIT_CONVERSION = YES;
				GCC_WARN_ABOUT_RETURN_TYPE = YES_ERROR;
				GCC_WARN_UNDECLARED_SELECTOR = YES;
				GCC_WARN_UNINITIALIZED_AUTOS = YES_AGGRESSIVE;
				GCC_WARN_UNUSED_FUNCTION = YES;
				GCC_WARN_UNUSED_VARIABLE = YES;
				IPHONEOS_DEPLOYMENT_TARGET = 11.1;
				MTL_ENABLE_DEBUG_INFO = NO;
				SDKROOT = iphoneos;
				VALIDATE_PRODUCT = YES;
			};
			name = Release;
		};
		F6730A5C20BFBC3F00265F48 /* Debug */ = {
			isa = XCBuildConfiguration;
			buildSettings = {
				ASSETCATALOG_COMPILER_APPICON_NAME = AppIcon;
				CODE_SIGN_STYLE = Automatic;
				DEVELOPMENT_TEAM = MYPTXJ9VBT;
				INFOPLIST_FILE = QCMVP/Info.plist;
				LD_RUNPATH_SEARCH_PATHS = "$(inherited) @executable_path/Frameworks";
				PRODUCT_BUNDLE_IDENTIFIER = com.qc.com.QCMVP;
				PRODUCT_NAME = "$(TARGET_NAME)";
				TARGETED_DEVICE_FAMILY = "1,2";
			};
			name = Debug;
		};
		F6730A5D20BFBC3F00265F48 /* Release */ = {
			isa = XCBuildConfiguration;
			buildSettings = {
				ASSETCATALOG_COMPILER_APPICON_NAME = AppIcon;
				CODE_SIGN_STYLE = Automatic;
				DEVELOPMENT_TEAM = MYPTXJ9VBT;
				INFOPLIST_FILE = QCMVP/Info.plist;
				LD_RUNPATH_SEARCH_PATHS = "$(inherited) @executable_path/Frameworks";
				PRODUCT_BUNDLE_IDENTIFIER = com.qc.com.QCMVP;
				PRODUCT_NAME = "$(TARGET_NAME)";
				TARGETED_DEVICE_FAMILY = "1,2";
			};
			name = Release;
		};
		F6730A5F20BFBC3F00265F48 /* Debug */ = {
			isa = XCBuildConfiguration;
			buildSettings = {
				BUNDLE_LOADER = "$(TEST_HOST)";
				CODE_SIGN_STYLE = Automatic;
				DEVELOPMENT_TEAM = MYPTXJ9VBT;
				INFOPLIST_FILE = QCMVPTests/Info.plist;
				LD_RUNPATH_SEARCH_PATHS = "$(inherited) @executable_path/Frameworks @loader_path/Frameworks";
				PRODUCT_BUNDLE_IDENTIFIER = com.qc.com.QCMVPTests;
				PRODUCT_NAME = "$(TARGET_NAME)";
				TARGETED_DEVICE_FAMILY = "1,2";
				TEST_HOST = "$(BUILT_PRODUCTS_DIR)/QCMVP.app/QCMVP";
			};
			name = Debug;
		};
		F6730A6020BFBC3F00265F48 /* Release */ = {
			isa = XCBuildConfiguration;
			buildSettings = {
				BUNDLE_LOADER = "$(TEST_HOST)";
				CODE_SIGN_STYLE = Automatic;
				DEVELOPMENT_TEAM = MYPTXJ9VBT;
				INFOPLIST_FILE = QCMVPTests/Info.plist;
				LD_RUNPATH_SEARCH_PATHS = "$(inherited) @executable_path/Frameworks @loader_path/Frameworks";
				PRODUCT_BUNDLE_IDENTIFIER = com.qc.com.QCMVPTests;
				PRODUCT_NAME = "$(TARGET_NAME)";
				TARGETED_DEVICE_FAMILY = "1,2";
				TEST_HOST = "$(BUILT_PRODUCTS_DIR)/QCMVP.app/QCMVP";
			};
			name = Release;
		};
		F6730A6220BFBC3F00265F48 /* Debug */ = {
			isa = XCBuildConfiguration;
			buildSettings = {
				CODE_SIGN_STYLE = Automatic;
				DEVELOPMENT_TEAM = MYPTXJ9VBT;
				INFOPLIST_FILE = QCMVPUITests/Info.plist;
				LD_RUNPATH_SEARCH_PATHS = "$(inherited) @executable_path/Frameworks @loader_path/Frameworks";
				PRODUCT_BUNDLE_IDENTIFIER = com.qc.com.QCMVPUITests;
				PRODUCT_NAME = "$(TARGET_NAME)";
				TARGETED_DEVICE_FAMILY = "1,2";
				TEST_TARGET_NAME = QCMVP;
			};
			name = Debug;
		};
		F6730A6320BFBC3F00265F48 /* Release */ = {
			isa = XCBuildConfiguration;
			buildSettings = {
				CODE_SIGN_STYLE = Automatic;
				DEVELOPMENT_TEAM = MYPTXJ9VBT;
				INFOPLIST_FILE = QCMVPUITests/Info.plist;
				LD_RUNPATH_SEARCH_PATHS = "$(inherited) @executable_path/Frameworks @loader_path/Frameworks";
				PRODUCT_BUNDLE_IDENTIFIER = com.qc.com.QCMVPUITests;
				PRODUCT_NAME = "$(TARGET_NAME)";
				TARGETED_DEVICE_FAMILY = "1,2";
				TEST_TARGET_NAME = QCMVP;
			};
			name = Release;
		};
/* End XCBuildConfiguration section */

/* Begin XCConfigurationList section */
		F6730A2A20BFBC3E00265F48 /* Build configuration list for PBXProject "QCMVP" */ = {
			isa = XCConfigurationList;
			buildConfigurations = (
				F6730A5920BFBC3F00265F48 /* Debug */,
				F6730A5A20BFBC3F00265F48 /* Release */,
			);
			defaultConfigurationIsVisible = 0;
			defaultConfigurationName = Release;
		};
		F6730A5B20BFBC3F00265F48 /* Build configuration list for PBXNativeTarget "QCMVP" */ = {
			isa = XCConfigurationList;
			buildConfigurations = (
				F6730A5C20BFBC3F00265F48 /* Debug */,
				F6730A5D20BFBC3F00265F48 /* Release */,
			);
			defaultConfigurationIsVisible = 0;
			defaultConfigurationName = Release;
		};
		F6730A5E20BFBC3F00265F48 /* Build configuration list for PBXNativeTarget "QCMVPTests" */ = {
			isa = XCConfigurationList;
			buildConfigurations = (
				F6730A5F20BFBC3F00265F48 /* Debug */,
				F6730A6020BFBC3F00265F48 /* Release */,
			);
			defaultConfigurationIsVisible = 0;
			defaultConfigurationName = Release;
		};
		F6730A6120BFBC3F00265F48 /* Build configuration list for PBXNativeTarget "QCMVPUITests" */ = {
			isa = XCConfigurationList;
			buildConfigurations = (
				F6730A6220BFBC3F00265F48 /* Debug */,
				F6730A6320BFBC3F00265F48 /* Release */,
			);
			defaultConfigurationIsVisible = 0;
			defaultConfigurationName = Release;
		};
/* End XCConfigurationList section */
	};
	rootObject = F6730A2720BFBC3E00265F48 /* Project object */;
}
